
Microsoft Visual Studio Solution File, Format Version 12.00
# Visual Studio Version 17
VisualStudioVersion = 17.0.31903.59
MinimumVisualStudioVersion = 10.0.40219.1
Project("{2150E333-8FDC-42A3-9474-1A3956D46DE8}") = "src", "src", "{827E0CD3-B72D-47B6-A68D-7590B98EB39B}"
EndProject
Project("{FAE04EC0-301F-11D3-BF4B-00C04F79EFBC}") = "SmartApp.Domain", "src\SmartApp.Domain\SmartApp.Domain.csproj", "{87749ED3-499B-4928-9EA8-6CC2C3F6036E}"
EndProject
Project("{FAE04EC0-301F-11D3-BF4B-00C04F79EFBC}") = "SmartApp.Shared", "src\SmartApp.Shared\SmartApp.Shared.csproj", "{64A26240-AA24-41EF-A13D-6DAD97B25BF8}"
EndProject
Project("{FAE04EC0-301F-11D3-BF4B-00C04F79EFBC}") = "SmartApp.Application", "src\SmartApp.Application\SmartApp.Application.csproj", "{6F561E83-36BB-41BC-93FD-429D48E13ECF}"
EndProject
Project("{FAE04EC0-301F-11D3-BF4B-00C04F79EFBC}") = "SmartApp.Infrastructure", "src\SmartApp.Infrastructure\SmartApp.Infrastructure.csproj", "{FDAE4D81-99EA-4104-B498-2C1F82429D5B}"
EndProject
Project("{FAE04EC0-301F-11D3-BF4B-00C04F79EFBC}") = "SmartApp.Persistence", "src\SmartApp.Persistence\SmartApp.Persistence.csproj", "{42ECF1F1-C64A-4C4F-8D14-B72595225037}"
EndProject
Project("{FAE04EC0-301F-11D3-BF4B-00C04F79EFBC}") = "SmartApp.API", "src\SmartApp.API\SmartApp.API.csproj", "{6F218964-B287-4CE9-A515-5EAFD2C4C9E7}"
EndProject
Project("{2150E333-8FDC-42A3-9474-1A3956D46DE8}") = "tests", "tests", "{0AB3BF05-4346-4AA6-1389-037BE0695223}"
EndProject
Project("{FAE04EC0-301F-11D3-BF4B-00C04F79EFBC}") = "SmartApp.Domain.Tests", "tests\SmartApp.Domain.Tests\SmartApp.Domain.Tests.csproj", "{C148ACE9-211F-4ED5-B813-78FF4CB73D19}"
EndProject
Project("{FAE04EC0-301F-11D3-BF4B-00C04F79EFBC}") = "SmartApp.Application.Tests", "tests\SmartApp.Application.Tests\SmartApp.Application.Tests.csproj", "{4C88577A-7962-4A38-AB26-2586C2F25B32}"
EndProject
Project("{FAE04EC0-301F-11D3-BF4B-00C04F79EFBC}") = "SmartApp.IntegrationTests", "tests\SmartApp.IntegrationTests\SmartApp.IntegrationTests.csproj", "{7E5FC9A3-A5D2-4B99-9705-A9A9C0E9AC19}"
EndProject
Global
	GlobalSection(SolutionConfigurationPlatforms) = preSolution
		Debug|Any CPU = Debug|Any CPU
		Debug|x64 = Debug|x64
		Debug|x86 = Debug|x86
		Release|Any CPU = Release|Any CPU
		Release|x64 = Release|x64
		Release|x86 = Release|x86
	EndGlobalSection
	GlobalSection(ProjectConfigurationPlatforms) = postSolution
		{87749ED3-499B-4928-9EA8-6CC2C3F6036E}.Debug|Any CPU.ActiveCfg = Debug|Any CPU
		{87749ED3-499B-4928-9EA8-6CC2C3F6036E}.Debug|Any CPU.Build.0 = Debug|Any CPU
		{87749ED3-499B-4928-9EA8-6CC2C3F6036E}.Debug|x64.ActiveCfg = Debug|Any CPU
		{87749ED3-499B-4928-9EA8-6CC2C3F6036E}.Debug|x64.Build.0 = Debug|Any CPU
		{87749ED3-499B-4928-9EA8-6CC2C3F6036E}.Debug|x86.ActiveCfg = Debug|Any CPU
		{87749ED3-499B-4928-9EA8-6CC2C3F6036E}.Debug|x86.Build.0 = Debug|Any CPU
		{87749ED3-499B-4928-9EA8-6CC2C3F6036E}.Release|Any CPU.ActiveCfg = Release|Any CPU
		{87749ED3-499B-4928-9EA8-6CC2C3F6036E}.Release|Any CPU.Build.0 = Release|Any CPU
		{87749ED3-499B-4928-9EA8-6CC2C3F6036E}.Release|x64.ActiveCfg = Release|Any CPU
		{87749ED3-499B-4928-9EA8-6CC2C3F6036E}.Release|x64.Build.0 = Release|Any CPU
		{87749ED3-499B-4928-9EA8-6CC2C3F6036E}.Release|x86.ActiveCfg = Release|Any CPU
		{87749ED3-499B-4928-9EA8-6CC2C3F6036E}.Release|x86.Build.0 = Release|Any CPU
		{64A26240-AA24-41EF-A13D-6DAD97B25BF8}.Debug|Any CPU.ActiveCfg = Debug|Any CPU
		{64A26240-AA24-41EF-A13D-6DAD97B25BF8}.Debug|Any CPU.Build.0 = Debug|Any CPU
		{64A26240-AA24-41EF-A13D-6DAD97B25BF8}.Debug|x64.ActiveCfg = Debug|Any CPU
		{64A26240-AA24-41EF-A13D-6DAD97B25BF8}.Debug|x64.Build.0 = Debug|Any CPU
		{64A26240-AA24-41EF-A13D-6DAD97B25BF8}.Debug|x86.ActiveCfg = Debug|Any CPU
		{64A26240-AA24-41EF-A13D-6DAD97B25BF8}.Debug|x86.Build.0 = Debug|Any CPU
		{64A26240-AA24-41EF-A13D-6DAD97B25BF8}.Release|Any CPU.ActiveCfg = Release|Any CPU
		{64A26240-AA24-41EF-A13D-6DAD97B25BF8}.Release|Any CPU.Build.0 = Release|Any CPU
		{64A26240-AA24-41EF-A13D-6DAD97B25BF8}.Release|x64.ActiveCfg = Release|Any CPU
		{64A26240-AA24-41EF-A13D-6DAD97B25BF8}.Release|x64.Build.0 = Release|Any CPU
		{64A26240-AA24-41EF-A13D-6DAD97B25BF8}.Release|x86.ActiveCfg = Release|Any CPU
		{64A26240-AA24-41EF-A13D-6DAD97B25BF8}.Release|x86.Build.0 = Release|Any CPU
		{6F561E83-36BB-41BC-93FD-429D48E13ECF}.Debug|Any CPU.ActiveCfg = Debug|Any CPU
		{6F561E83-36BB-41BC-93FD-429D48E13ECF}.Debug|Any CPU.Build.0 = Debug|Any CPU
		{6F561E83-36BB-41BC-93FD-429D48E13ECF}.Debug|x64.ActiveCfg = Debug|Any CPU
		{6F561E83-36BB-41BC-93FD-429D48E13ECF}.Debug|x64.Build.0 = Debug|Any CPU
		{6F561E83-36BB-41BC-93FD-429D48E13ECF}.Debug|x86.ActiveCfg = Debug|Any CPU
		{6F561E83-36BB-41BC-93FD-429D48E13ECF}.Debug|x86.Build.0 = Debug|Any CPU
		{6F561E83-36BB-41BC-93FD-429D48E13ECF}.Release|Any CPU.ActiveCfg = Release|Any CPU
		{6F561E83-36BB-41BC-93FD-429D48E13ECF}.Release|Any CPU.Build.0 = Release|Any CPU
		{6F561E83-36BB-41BC-93FD-429D48E13ECF}.Release|x64.ActiveCfg = Release|Any CPU
		{6F561E83-36BB-41BC-93FD-429D48E13ECF}.Release|x64.Build.0 = Release|Any CPU
		{6F561E83-36BB-41BC-93FD-429D48E13ECF}.Release|x86.ActiveCfg = Release|Any CPU
		{6F561E83-36BB-41BC-93FD-429D48E13ECF}.Release|x86.Build.0 = Release|Any CPU
		{FDAE4D81-99EA-4104-B498-2C1F82429D5B}.Debug|Any CPU.ActiveCfg = Debug|Any CPU
		{FDAE4D81-99EA-4104-B498-2C1F82429D5B}.Debug|Any CPU.Build.0 = Debug|Any CPU
		{FDAE4D81-99EA-4104-B498-2C1F82429D5B}.Debug|x64.ActiveCfg = Debug|Any CPU
		{FDAE4D81-99EA-4104-B498-2C1F82429D5B}.Debug|x64.Build.0 = Debug|Any CPU
		{FDAE4D81-99EA-4104-B498-2C1F82429D5B}.Debug|x86.ActiveCfg = Debug|Any CPU
		{FDAE4D81-99EA-4104-B498-2C1F82429D5B}.Debug|x86.Build.0 = Debug|Any CPU
		{FDAE4D81-99EA-4104-B498-2C1F82429D5B}.Release|Any CPU.ActiveCfg = Release|Any CPU
		{FDAE4D81-99EA-4104-B498-2C1F82429D5B}.Release|Any CPU.Build.0 = Release|Any CPU
		{FDAE4D81-99EA-4104-B498-2C1F82429D5B}.Release|x64.ActiveCfg = Release|Any CPU
		{FDAE4D81-99EA-4104-B498-2C1F82429D5B}.Release|x64.Build.0 = Release|Any CPU
		{FDAE4D81-99EA-4104-B498-2C1F82429D5B}.Release|x86.ActiveCfg = Release|Any CPU
		{FDAE4D81-99EA-4104-B498-2C1F82429D5B}.Release|x86.Build.0 = Release|Any CPU
		{42ECF1F1-C64A-4C4F-8D14-B72595225037}.Debug|Any CPU.ActiveCfg = Debug|Any CPU
		{42ECF1F1-C64A-4C4F-8D14-B72595225037}.Debug|Any CPU.Build.0 = Debug|Any CPU
		{42ECF1F1-C64A-4C4F-8D14-B72595225037}.Debug|x64.ActiveCfg = Debug|Any CPU
		{42ECF1F1-C64A-4C4F-8D14-B72595225037}.Debug|x64.Build.0 = Debug|Any CPU
		{42ECF1F1-C64A-4C4F-8D14-B72595225037}.Debug|x86.ActiveCfg = Debug|Any CPU
		{42ECF1F1-C64A-4C4F-8D14-B72595225037}.Debug|x86.Build.0 = Debug|Any CPU
		{42ECF1F1-C64A-4C4F-8D14-B72595225037}.Release|Any CPU.ActiveCfg = Release|Any CPU
		{42ECF1F1-C64A-4C4F-8D14-B72595225037}.Release|Any CPU.Build.0 = Release|Any CPU
		{42ECF1F1-C64A-4C4F-8D14-B72595225037}.Release|x64.ActiveCfg = Release|Any CPU
		{42ECF1F1-C64A-4C4F-8D14-B72595225037}.Release|x64.Build.0 = Release|Any CPU
		{42ECF1F1-C64A-4C4F-8D14-B72595225037}.Release|x86.ActiveCfg = Release|Any CPU
		{42ECF1F1-C64A-4C4F-8D14-B72595225037}.Release|x86.Build.0 = Release|Any CPU
		{6F218964-B287-4CE9-A515-5EAFD2C4C9E7}.Debug|Any CPU.ActiveCfg = Debug|Any CPU
		{6F218964-B287-4CE9-A515-5EAFD2C4C9E7}.Debug|Any CPU.Build.0 = Debug|Any CPU
		{6F218964-B287-4CE9-A515-5EAFD2C4C9E7}.Debug|x64.ActiveCfg = Debug|Any CPU
		{6F218964-B287-4CE9-A515-5EAFD2C4C9E7}.Debug|x64.Build.0 = Debug|Any CPU
		{6F218964-B287-4CE9-A515-5EAFD2C4C9E7}.Debug|x86.ActiveCfg = Debug|Any CPU
		{6F218964-B287-4CE9-A515-5EAFD2C4C9E7}.Debug|x86.Build.0 = Debug|Any CPU
		{6F218964-B287-4CE9-A515-5EAFD2C4C9E7}.Release|Any CPU.ActiveCfg = Release|Any CPU
		{6F218964-B287-4CE9-A515-5EAFD2C4C9E7}.Release|Any CPU.Build.0 = Release|Any CPU
		{6F218964-B287-4CE9-A515-5EAFD2C4C9E7}.Release|x64.ActiveCfg = Release|Any CPU
		{6F218964-B287-4CE9-A515-5EAFD2C4C9E7}.Release|x64.Build.0 = Release|Any CPU
		{6F218964-B287-4CE9-A515-5EAFD2C4C9E7}.Release|x86.ActiveCfg = Release|Any CPU
		{6F218964-B287-4CE9-A515-5EAFD2C4C9E7}.Release|x86.Build.0 = Release|Any CPU
		{C148ACE9-211F-4ED5-B813-78FF4CB73D19}.Debug|Any CPU.ActiveCfg = Debug|Any CPU
		{C148ACE9-211F-4ED5-B813-78FF4CB73D19}.Debug|Any CPU.Build.0 = Debug|Any CPU
		{C148ACE9-211F-4ED5-B813-78FF4CB73D19}.Debug|x64.ActiveCfg = Debug|Any CPU
		{C148ACE9-211F-4ED5-B813-78FF4CB73D19}.Debug|x64.Build.0 = Debug|Any CPU
		{C148ACE9-211F-4ED5-B813-78FF4CB73D19}.Debug|x86.ActiveCfg = Debug|Any CPU
		{C148ACE9-211F-4ED5-B813-78FF4CB73D19}.Debug|x86.Build.0 = Debug|Any CPU
		{C148ACE9-211F-4ED5-B813-78FF4CB73D19}.Release|Any CPU.ActiveCfg = Release|Any CPU
		{C148ACE9-211F-4ED5-B813-78FF4CB73D19}.Release|Any CPU.Build.0 = Release|Any CPU
		{C148ACE9-211F-4ED5-B813-78FF4CB73D19}.Release|x64.ActiveCfg = Release|Any CPU
		{C148ACE9-211F-4ED5-B813-78FF4CB73D19}.Release|x64.Build.0 = Release|Any CPU
		{C148ACE9-211F-4ED5-B813-78FF4CB73D19}.Release|x86.ActiveCfg = Release|Any CPU
		{C148ACE9-211F-4ED5-B813-78FF4CB73D19}.Release|x86.Build.0 = Release|Any CPU
		{4C88577A-7962-4A38-AB26-2586C2F25B32}.Debug|Any CPU.ActiveCfg = Debug|Any CPU
		{4C88577A-7962-4A38-AB26-2586C2F25B32}.Debug|Any CPU.Build.0 = Debug|Any CPU
		{4C88577A-7962-4A38-AB26-2586C2F25B32}.Debug|x64.ActiveCfg = Debug|Any CPU
		{4C88577A-7962-4A38-AB26-2586C2F25B32}.Debug|x64.Build.0 = Debug|Any CPU
		{4C88577A-7962-4A38-AB26-2586C2F25B32}.Debug|x86.ActiveCfg = Debug|Any CPU
		{4C88577A-7962-4A38-AB26-2586C2F25B32}.Debug|x86.Build.0 = Debug|Any CPU
		{4C88577A-7962-4A38-AB26-2586C2F25B32}.Release|Any CPU.ActiveCfg = Release|Any CPU
		{4C88577A-7962-4A38-AB26-2586C2F25B32}.Release|Any CPU.Build.0 = Release|Any CPU
		{4C88577A-7962-4A38-AB26-2586C2F25B32}.Release|x64.ActiveCfg = Release|Any CPU
		{4C88577A-7962-4A38-AB26-2586C2F25B32}.Release|x64.Build.0 = Release|Any CPU
		{4C88577A-7962-4A38-AB26-2586C2F25B32}.Release|x86.ActiveCfg = Release|Any CPU
		{4C88577A-7962-4A38-AB26-2586C2F25B32}.Release|x86.Build.0 = Release|Any CPU
		{7E5FC9A3-A5D2-4B99-9705-A9A9C0E9AC19}.Debug|Any CPU.ActiveCfg = Debug|Any CPU
		{7E5FC9A3-A5D2-4B99-9705-A9A9C0E9AC19}.Debug|Any CPU.Build.0 = Debug|Any CPU
		{7E5FC9A3-A5D2-4B99-9705-A9A9C0E9AC19}.Debug|x64.ActiveCfg = Debug|Any CPU
		{7E5FC9A3-A5D2-4B99-9705-A9A9C0E9AC19}.Debug|x64.Build.0 = Debug|Any CPU
		{7E5FC9A3-A5D2-4B99-9705-A9A9C0E9AC19}.Debug|x86.ActiveCfg = Debug|Any CPU
		{7E5FC9A3-A5D2-4B99-9705-A9A9C0E9AC19}.Debug|x86.Build.0 = Debug|Any CPU
		{7E5FC9A3-A5D2-4B99-9705-A9A9C0E9AC19}.Release|Any CPU.ActiveCfg = Release|Any CPU
		{7E5FC9A3-A5D2-4B99-9705-A9A9C0E9AC19}.Release|Any CPU.Build.0 = Release|Any CPU
		{7E5FC9A3-A5D2-4B99-9705-A9A9C0E9AC19}.Release|x64.ActiveCfg = Release|Any CPU
		{7E5FC9A3-A5D2-4B99-9705-A9A9C0E9AC19}.Release|x64.Build.0 = Release|Any CPU
		{7E5FC9A3-A5D2-4B99-9705-A9A9C0E9AC19}.Release|x86.ActiveCfg = Release|Any CPU
		{7E5FC9A3-A5D2-4B99-9705-A9A9C0E9AC19}.Release|x86.Build.0 = Release|Any CPU
	EndGlobalSection
	GlobalSection(SolutionProperties) = preSolution
		HideSolutionNode = FALSE
	EndGlobalSection
	GlobalSection(NestedProjects) = preSolution
		{87749ED3-499B-4928-9EA8-6CC2C3F6036E} = {827E0CD3-B72D-47B6-A68D-7590B98EB39B}
		{64A26240-AA24-41EF-A13D-6DAD97B25BF8} = {827E0CD3-B72D-47B6-A68D-7590B98EB39B}
		{6F561E83-36BB-41BC-93FD-429D48E13ECF} = {827E0CD3-B72D-47B6-A68D-7590B98EB39B}
		{FDAE4D81-99EA-4104-B498-2C1F82429D5B} = {827E0CD3-B72D-47B6-A68D-7590B98EB39B}
		{42ECF1F1-C64A-4C4F-8D14-B72595225037} = {827E0CD3-B72D-47B6-A68D-7590B98EB39B}
		{6F218964-B287-4CE9-A515-5EAFD2C4C9E7} = {827E0CD3-B72D-47B6-A68D-7590B98EB39B}
		{C148ACE9-211F-4ED5-B813-78FF4CB73D19} = {0AB3BF05-4346-4AA6-1389-037BE0695223}
		{4C88577A-7962-4A38-AB26-2586C2F25B32} = {0AB3BF05-4346-4AA6-1389-037BE0695223}
		{7E5FC9A3-A5D2-4B99-9705-A9A9C0E9AC19} = {0AB3BF05-4346-4AA6-1389-037BE0695223}
	EndGlobalSection
EndGlobal
